
Microsoft Visual Studio Solution File, Format Version 12.00
# Visual Studio Version 17
VisualStudioVersion = 17.9.34701.34
MinimumVisualStudioVersion = 10.0.40219.1
Project("{8BC9CEB8-8B4A-11D0-8D11-00A0C91BC942}") = "CGlaba2", "CGlaba2.vcxproj", "{CEB5B646-8102-4C3C-8E40-E0230C2BFC56}"
EndProject
Global
	GlobalSection(SolutionConfigurationPlatforms) = preSolution
		Debug|x64 = Debug|x64
		Debug|x86 = Debug|x86
		Release|x64 = Release|x64
		Release|x86 = Release|x86
	EndGlobalSection
	GlobalSection(ProjectConfigurationPlatforms) = postSolution
		{CEB5B646-8102-4C3C-8E40-E0230C2BFC56}.Debug|x64.ActiveCfg = Debug|x64
		{CEB5B646-8102-4C3C-8E40-E0230C2BFC56}.Debug|x64.Build.0 = Debug|x64
		{CEB5B646-8102-4C3C-8E40-E0230C2BFC56}.Debug|x86.ActiveCfg = Debug|Win32
		{CEB5B646-8102-4C3C-8E40-E0230C2BFC56}.Debug|x86.Build.0 = Debug|Win32
		{CEB5B646-8102-4C3C-8E40-E0230C2BFC56}.Release|x64.ActiveCfg = Release|x64
		{CEB5B646-8102-4C3C-8E40-E0230C2BFC56}.Release|x64.Build.0 = Release|x64
		{CEB5B646-8102-4C3C-8E40-E0230C2BFC56}.Release|x86.ActiveCfg = Release|Win32
		{CEB5B646-8102-4C3C-8E40-E0230C2BFC56}.Release|x86.Build.0 = Release|Win32
	EndGlobalSection
	GlobalSection(SolutionProperties) = preSolution
		HideSolutionNode = FALSE
	EndGlobalSection
	GlobalSection(ExtensibilityGlobals) = postSolution
		SolutionGuid = {44AEC496-3AB5-454D-B31F-C53E81CCC9A7}
	EndGlobalSection
EndGlobal
